// !$*UTF8*$!
{
	archiveVersion = 1;
	classes = {
	};
	objectVersion = 48;
	objects = {

/* Begin PBXBuildFile section */
		FA30585E2063DCDD003AF9DA /* AppDelegate.swift in Sources */ = {isa = PBXBuildFile; fileRef = FA30585D2063DCDD003AF9DA /* AppDelegate.swift */; };
		FA3058602063DCDD003AF9DA /* ViewController.swift in Sources */ = {isa = PBXBuildFile; fileRef = FA30585F2063DCDD003AF9DA /* ViewController.swift */; };
		FA3058632063DCDD003AF9DA /* Main.storyboard in Resources */ = {isa = PBXBuildFile; fileRef = FA3058612063DCDD003AF9DA /* Main.storyboard */; };
		FA3058662063DCDD003AF9DA /* concentration.xcdatamodeld in Sources */ = {isa = PBXBuildFile; fileRef = FA3058642063DCDD003AF9DA /* concentration.xcdatamodeld */; };
		FA3058682063DCDD003AF9DA /* Assets.xcassets in Resources */ = {isa = PBXBuildFile; fileRef = FA3058672063DCDD003AF9DA /* Assets.xcassets */; };
		FA30586B2063DCDD003AF9DA /* LaunchScreen.storyboard in Resources */ = {isa = PBXBuildFile; fileRef = FA3058692063DCDD003AF9DA /* LaunchScreen.storyboard */; };
		FA470C132135FACE0076D3AA /* Shuffle.swift in Sources */ = {isa = PBXBuildFile; fileRef = FA470C122135FACE0076D3AA /* Shuffle.swift */; };
		FA69AFCF207A5C4A00444BF9 /* Concentration.swift in Sources */ = {isa = PBXBuildFile; fileRef = FA69AFCE207A5C4A00444BF9 /* Concentration.swift */; };
		FA69AFD1207A5D0100444BF9 /* Card.swift in Sources */ = {isa = PBXBuildFile; fileRef = FA69AFD0207A5D0100444BF9 /* Card.swift */; };
/* End PBXBuildFile section */

/* Begin PBXFileReference section */
		FA30585A2063DCDD003AF9DA /* concentration.app */ = {isa = PBXFileReference; explicitFileType = wrapper.application; includeInIndex = 0; path = concentration.app; sourceTree = BUILT_PRODUCTS_DIR; };
		FA30585D2063DCDD003AF9DA /* AppDelegate.swift */ = {isa = PBXFileReference; lastKnownFileType = sourcecode.swift; path = AppDelegate.swift; sourceTree = "<group>"; };
		FA30585F2063DCDD003AF9DA /* ViewController.swift */ = {isa = PBXFileReference; lastKnownFileType = sourcecode.swift; path = ViewController.swift; sourceTree = "<group>"; };
		FA3058622063DCDD003AF9DA /* Base */ = {isa = PBXFileReference; lastKnownFileType = file.storyboard; name = Base; path = Base.lproj/Main.storyboard; sourceTree = "<group>"; };
		FA3058652063DCDD003AF9DA /* concentration.xcdatamodel */ = {isa = PBXFileReference; lastKnownFileType = wrapper.xcdatamodel; path = concentration.xcdatamodel; sourceTree = "<group>"; };
		FA3058672063DCDD003AF9DA /* Assets.xcassets */ = {isa = PBXFileReference; lastKnownFileType = folder.assetcatalog; path = Assets.xcassets; sourceTree = "<group>"; };
		FA30586A2063DCDD003AF9DA /* Base */ = {isa = PBXFileReference; lastKnownFileType = file.storyboard; name = Base; path = Base.lproj/LaunchScreen.storyboard; sourceTree = "<group>"; };
		FA30586C2063DCDD003AF9DA /* Info.plist */ = {isa = PBXFileReference; lastKnownFileType = text.plist.xml; path = Info.plist; sourceTree = "<group>"; };
		FA470C122135FACE0076D3AA /* Shuffle.swift */ = {isa = PBXFileReference; lastKnownFileType = sourcecode.swift; path = Shuffle.swift; sourceTree = "<group>"; };
		FA69AFCE207A5C4A00444BF9 /* Concentration.swift */ = {isa = PBXFileReference; lastKnownFileType = sourcecode.swift; path = Concentration.swift; sourceTree = "<group>"; };
		FA69AFD0207A5D0100444BF9 /* Card.swift */ = {isa = PBXFileReference; lastKnownFileType = sourcecode.swift; path = Card.swift; sourceTree = "<group>"; };
/* End PBXFileReference section */

/* Begin PBXFrameworksBuildPhase section */
		FA3058572063DCDD003AF9DA /* Frameworks */ = {
			isa = PBXFrameworksBuildPhase;
			buildActionMask = 2147483647;
			files = (
			);
			runOnlyForDeploymentPostprocessing = 0;
		};
/* End PBXFrameworksBuildPhase section */

/* Begin PBXGroup section */
		FA3058512063DCDD003AF9DA = {
			isa = PBXGroup;
			children = (
				FA30585C2063DCDD003AF9DA /* concentration */,
				FA30585B2063DCDD003AF9DA /* Products */,
			);
			sourceTree = "<group>";
		};
		FA30585B2063DCDD003AF9DA /* Products */ = {
			isa = PBXGroup;
			children = (
				FA30585A2063DCDD003AF9DA /* concentration.app */,
			);
			name = Products;
			sourceTree = "<group>";
		};
		FA30585C2063DCDD003AF9DA /* concentration */ = {
			isa = PBXGroup;
			children = (
				FA69AFCE207A5C4A00444BF9 /* Concentration.swift */,
				FA69AFD0207A5D0100444BF9 /* Card.swift */,
				FA470C122135FACE0076D3AA /* Shuffle.swift */,
				FA30585F2063DCDD003AF9DA /* ViewController.swift */,
				FA3058612063DCDD003AF9DA /* Main.storyboard */,
				FA3058722063DDB6003AF9DA /* Supporting Files */,
				FA30586C2063DCDD003AF9DA /* Info.plist */,
				FA3058642063DCDD003AF9DA /* concentration.xcdatamodeld */,
			);
			path = concentration;
			sourceTree = "<group>";
		};
		FA3058722063DDB6003AF9DA /* Supporting Files */ = {
			isa = PBXGroup;
			children = (
				FA30585D2063DCDD003AF9DA /* AppDelegate.swift */,
				FA3058672063DCDD003AF9DA /* Assets.xcassets */,
				FA3058692063DCDD003AF9DA /* LaunchScreen.storyboard */,
			);
			path = "Supporting Files";
			sourceTree = "<group>";
		};
/* End PBXGroup section */

/* Begin PBXNativeTarget section */
		FA3058592063DCDD003AF9DA /* concentration */ = {
			isa = PBXNativeTarget;
			buildConfigurationList = FA30586F2063DCDD003AF9DA /* Build configuration list for PBXNativeTarget "concentration" */;
			buildPhases = (
				FA3058562063DCDD003AF9DA /* Sources */,
				FA3058572063DCDD003AF9DA /* Frameworks */,
				FA3058582063DCDD003AF9DA /* Resources */,
			);
			buildRules = (
			);
			dependencies = (
			);
			name = concentration;
			productName = concentration;
			productReference = FA30585A2063DCDD003AF9DA /* concentration.app */;
			productType = "com.apple.product-type.application";
		};
/* End PBXNativeTarget section */

/* Begin PBXProject section */
		FA3058522063DCDD003AF9DA /* Project object */ = {
			isa = PBXProject;
			attributes = {
				LastSwiftUpdateCheck = 0900;
				LastUpgradeCheck = 0900;
				ORGANIZATIONNAME = "Luis Eduardo Glez";
				TargetAttributes = {
					FA3058592063DCDD003AF9DA = {
						CreatedOnToolsVersion = 9.0;
						ProvisioningStyle = Automatic;
					};
				};
			};
			buildConfigurationList = FA3058552063DCDD003AF9DA /* Build configuration list for PBXProject "concentration" */;
			compatibilityVersion = "Xcode 8.0";
			developmentRegion = en;
			hasScannedForEncodings = 0;
			knownRegions = (
				en,
				Base,
			);
			mainGroup = FA3058512063DCDD003AF9DA;
			productRefGroup = FA30585B2063DCDD003AF9DA /* Products */;
			projectDirPath = "";
			projectRoot = "";
			targets = (
				FA3058592063DCDD003AF9DA /* concentration */,
			);
		};
/* End PBXProject section */

/* Begin PBXResourcesBuildPhase section */
		FA3058582063DCDD003AF9DA /* Resources */ = {
			isa = PBXResourcesBuildPhase;
			buildActionMask = 2147483647;
			files = (
				FA30586B2063DCDD003AF9DA /* LaunchScreen.storyboard in Resources */,
				FA3058682063DCDD003AF9DA /* Assets.xcassets in Resources */,
				FA3058632063DCDD003AF9DA /* Main.storyboard in Resources */,
			);
			runOnlyForDeploymentPostprocessing = 0;
		};
/* End PBXResourcesBuildPhase section */

/* Begin PBXSourcesBuildPhase section */
		FA3058562063DCDD003AF9DA /* Sources */ = {
			isa = PBXSourcesBuildPhase;
			buildActionMask = 2147483647;
			files = (
				FA3058662063DCDD003AF9DA /* concentration.xcdatamodeld in Sources */,
				FA470C132135FACE0076D3AA /* Shuffle.swift in Sources */,
				FA69AFCF207A5C4A00444BF9 /* Concentration.swift in Sources */,
				FA69AFD1207A5D0100444BF9 /* Card.swift in Sources */,
				FA3058602063DCDD003AF9DA /* ViewController.swift in Sources */,
				FA30585E2063DCDD003AF9DA /* AppDelegate.swift in Sources */,
			);
			runOnlyForDeploymentPostprocessing = 0;
		};
/* End PBXSourcesBuildPhase section */

/* Begin PBXVariantGroup section */
		FA3058612063DCDD003AF9DA /* Main.storyboard */ = {
			isa = PBXVariantGroup;
			children = (
				FA3058622063DCDD003AF9DA /* Base */,
			);
			name = Main.storyboard;
			sourceTree = "<group>";
		};
		FA3058692063DCDD003AF9DA /* LaunchScreen.storyboard */ = {
			isa = PBXVariantGroup;
			children = (
				FA30586A2063DCDD003AF9DA /* Base */,
			);
			name = LaunchScreen.storyboard;
			sourceTree = "<group>";
		};
/* End PBXVariantGroup section */

/* Begin XCBuildConfiguration section */
		FA30586D2063DCDD003AF9DA /* Debug */ = {
			isa = XCBuildConfiguration;
			buildSettings = {
				ALWAYS_SEARCH_USER_PATHS = NO;
				CLANG_ANALYZER_NONNULL = YES;
				CLANG_ANALYZER_NUMBER_OBJECT_CONVERSION = YES_AGGRESSIVE;
				CLANG_CXX_LANGUAGE_STANDARD = "gnu++14";
				CLANG_CXX_LIBRARY = "libc++";
				CLANG_ENABLE_MODULES = YES;
				CLANG_ENABLE_OBJC_ARC = YES;
				CLANG_WARN_BLOCK_CAPTURE_AUTORELEASING = YES;
				CLANG_WARN_BOOL_CONVERSION = YES;
				CLANG_WARN_COMMA = YES;
				CLANG_WARN_CONSTANT_CONVERSION = YES;
				CLANG_WARN_DIRECT_OBJC_ISA_USAGE = YES_ERROR;
				CLANG_WARN_DOCUMENTATION_COMMENTS = YES;
				CLANG_WARN_EMPTY_BODY = YES;
				CLANG_WARN_ENUM_CONVERSION = YES;
				CLANG_WARN_INFINITE_RECURSION = YES;
				CLANG_WARN_INT_CONVERSION = YES;
				CLANG_WARN_NON_LITERAL_NULL_CONVERSION = YES;
				CLANG_WARN_OBJC_LITERAL_CONVERSION = YES;
				CLANG_WARN_OBJC_ROOT_CLASS = YES_ERROR;
				CLANG_WARN_RANGE_LOOP_ANALYSIS = YES;
				CLANG_WARN_STRICT_PROTOTYPES = YES;
				CLANG_WARN_SUSPICIOUS_MOVE = YES;
				CLANG_WARN_UNGUARDED_AVAILABILITY = YES_AGGRESSIVE;
				CLANG_WARN_UNREACHABLE_CODE = YES;
				CLANG_WARN__DUPLICATE_METHOD_MATCH = YES;
				CODE_SIGN_IDENTITY = "iPhone Developer";
				COPY_PHASE_STRIP = NO;
				DEBUG_INFORMATION_FORMAT = dwarf;
				ENABLE_STRICT_OBJC_MSGSEND = YES;
				ENABLE_TESTABILITY = YES;
				GCC_C_LANGUAGE_STANDARD = gnu11;
				GCC_DYNAMIC_NO_PIC = NO;
				GCC_NO_COMMON_BLOCKS = YES;
				GCC_OPTIMIZATION_LEVEL = 0;
				GCC_PREPROCESSOR_DEFINITIONS = (
					"DEBUG=1",
					"$(inherited)",
				);
				GCC_WARN_64_TO_32_BIT_CONVERSION = YES;
				GCC_WARN_ABOUT_RETURN_TYPE = YES_ERROR;
				GCC_WARN_UNDECLARED_SELECTOR = YES;
				GCC_WARN_UNINITIALIZED_AUTOS = YES_AGGRESSIVE;
				GCC_WARN_UNUSED_FUNCTION = YES;
				GCC_WARN_UNUSED_VARIABLE = YES;
				IPHONEOS_DEPLOYMENT_TARGET = 11.0;
				MTL_ENABLE_DEBUG_INFO = YES;
				ONLY_ACTIVE_ARCH = YES;
				SDKROOT = iphoneos;
				SWIFT_ACTIVE_COMPILATION_CONDITIONS = DEBUG;
				SWIFT_OPTIMIZATION_LEVEL = "-Onone";
			};
			name = Debug;
		};
		FA30586E2063DCDD003AF9DA /* Release */ = {
			isa = XCBuildConfiguration;
			buildSettings = {
				ALWAYS_SEARCH_USER_PATHS = NO;
				CLANG_ANALYZER_NONNULL = YES;
				CLANG_ANALYZER_NUMBER_OBJECT_CONVERSION = YES_AGGRESSIVE;
				CLANG_CXX_LANGUAGE_STANDARD = "gnu++14";
				CLANG_CXX_LIBRARY = "libc++";
				CLANG_ENABLE_MODULES = YES;
				CLANG_ENABLE_OBJC_ARC = YES;
				CLANG_WARN_BLOCK_CAPTURE_AUTORELEASING = YES;
				CLANG_WARN_BOOL_CONVERSION = YES;
				CLANG_WARN_COMMA = YES;
				CLANG_WARN_CONSTANT_CONVERSION = YES;
				CLANG_WARN_DIRECT_OBJC_ISA_USAGE = YES_ERROR;
				CLANG_WARN_DOCUMENTATION_COMMENTS = YES;
				CLANG_WARN_EMPTY_BODY = YES;
				CLANG_WARN_ENUM_CONVERSION = YES;
				CLANG_WARN_INFINITE_RECURSION = YES;
				CLANG_WARN_INT_CONVERSION = YES;
				CLANG_WARN_NON_LITERAL_NULL_CONVERSION = YES;
				CLANG_WARN_OBJC_LITERAL_CONVERSION = YES;
				CLANG_WARN_OBJC_ROOT_CLASS = YES_ERROR;
				CLANG_WARN_RANGE_LOOP_ANALYSIS = YES;
				CLANG_WARN_STRICT_PROTOTYPES = YES;
				CLANG_WARN_SUSPICIOUS_MOVE = YES;
				CLANG_WARN_UNGUARDED_AVAILABILITY = YES_AGGRESSIVE;
				CLANG_WARN_UNREACHABLE_CODE = YES;
				CLANG_WARN__DUPLICATE_METHOD_MATCH = YES;
				CODE_SIGN_IDENTITY = "iPhone Developer";
				COPY_PHASE_STRIP = NO;
				DEBUG_INFORMATION_FORMAT = "dwarf-with-dsym";
				ENABLE_NS_ASSERTIONS = NO;
				ENABLE_STRICT_OBJC_MSGSEND = YES;
				GCC_C_LANGUAGE_STANDARD = gnu11;
				GCC_NO_COMMON_BLOCKS = YES;
				GCC_WARN_64_TO_32_BIT_CONVERSION = YES;
				GCC_WARN_ABOUT_RETURN_TYPE = YES_ERROR;
				GCC_WARN_UNDECLARED_SELECTOR = YES;
				GCC_WARN_UNINITIALIZED_AUTOS = YES_AGGRESSIVE;
				GCC_WARN_UNUSED_FUNCTION = YES;
				GCC_WARN_UNUSED_VARIABLE = YES;
				IPHONEOS_DEPLOYMENT_TARGET = 11.0;
				MTL_ENABLE_DEBUG_INFO = NO;
				SDKROOT = iphoneos;
				SWIFT_OPTIMIZATION_LEVEL = "-Owholemodule";
				VALIDATE_PRODUCT = YES;
			};
			name = Release;
		};
		FA3058702063DCDD003AF9DA /* Debug */ = {
			isa = XCBuildConfiguration;
			buildSettings = {
				ASSETCATALOG_COMPILER_APPICON_NAME = AppIcon;
				CODE_SIGN_STYLE = Automatic;
				DEVELOPMENT_TEAM = "";
				INFOPLIST_FILE = concentration/Info.plist;
				LD_RUNPATH_SEARCH_PATHS = "$(inherited) @executable_path/Frameworks";
				PRODUCT_BUNDLE_IDENTIFIER = com.luiseduardoglez.concentration;
				PRODUCT_NAME = "$(TARGET_NAME)";
				SWIFT_VERSION = 4.0;
				TARGETED_DEVICE_FAMILY = "1,2";
			};
			name = Debug;
		};
		FA3058712063DCDD003AF9DA /* Release */ = {
			isa = XCBuildConfiguration;
			buildSettings = {
				ASSETCATALOG_COMPILER_APPICON_NAME = AppIcon;
				CODE_SIGN_STYLE = Automatic;
				DEVELOPMENT_TEAM = "";
				INFOPLIST_FILE = concentration/Info.plist;
				LD_RUNPATH_SEARCH_PATHS = "$(inherited) @executable_path/Frameworks";
				PRODUCT_BUNDLE_IDENTIFIER = com.luiseduardoglez.concentration;
				PRODUCT_NAME = "$(TARGET_NAME)";
				SWIFT_VERSION = 4.0;
				TARGETED_DEVICE_FAMILY = "1,2";
			};
			name = Release;
		};
/* End XCBuildConfiguration section */

/* Begin XCConfigurationList section */
		FA3058552063DCDD003AF9DA /* Build configuration list for PBXProject "concentration" */ = {
			isa = XCConfigurationList;
			buildConfigurations = (
				FA30586D2063DCDD003AF9DA /* Debug */,
				FA30586E2063DCDD003AF9DA /* Release */,
			);
			defaultConfigurationIsVisible = 0;
			defaultConfigurationName = Release;
		};
		FA30586F2063DCDD003AF9DA /* Build configuration list for PBXNativeTarget "concentration" */ = {
			isa = XCConfigurationList;
			buildConfigurations = (
				FA3058702063DCDD003AF9DA /* Debug */,
				FA3058712063DCDD003AF9DA /* Release */,
			);
			defaultConfigurationIsVisible = 0;
			defaultConfigurationName = Release;
		};
/* End XCConfigurationList section */

/* Begin XCVersionGroup section */
		FA3058642063DCDD003AF9DA /* concentration.xcdatamodeld */ = {
			isa = XCVersionGroup;
			children = (
				FA3058652063DCDD003AF9DA /* concentration.xcdatamodel */,
			);
			currentVersion = FA3058652063DCDD003AF9DA /* concentration.xcdatamodel */;
			path = concentration.xcdatamodeld;
			sourceTree = "<group>";
			versionGroupType = wrapper.xcdatamodel;
		};
/* End XCVersionGroup section */
	};
	rootObject = FA3058522063DCDD003AF9DA /* Project object */;
}
